// !$*UTF8*$!
{
	archiveVersion = 1;
	classes = {
	};
	objectVersion = 55;
	objects = {

/* Begin PBXBuildFile section */
		6F2470EF296BDD07008FE78A /* AppDelegate.swift in Sources */ = {isa = PBXBuildFile; fileRef = 6F2470EE296BDD07008FE78A /* AppDelegate.swift */; };
		6F2470F1296BDD07008FE78A /* SceneDelegate.swift in Sources */ = {isa = PBXBuildFile; fileRef = 6F2470F0296BDD07008FE78A /* SceneDelegate.swift */; };
		6F2470F3296BDD07008FE78A /* ViewController.swift in Sources */ = {isa = PBXBuildFile; fileRef = 6F2470F2296BDD07008FE78A /* ViewController.swift */; };
		6F2470F6296BDD07008FE78A /* Main.storyboard in Resources */ = {isa = PBXBuildFile; fileRef = 6F2470F4296BDD07008FE78A /* Main.storyboard */; };
		6F2470F8296BDD08008FE78A /* Assets.xcassets in Resources */ = {isa = PBXBuildFile; fileRef = 6F2470F7296BDD08008FE78A /* Assets.xcassets */; };
		6F2470FB296BDD08008FE78A /* LaunchScreen.storyboard in Resources */ = {isa = PBXBuildFile; fileRef = 6F2470F9296BDD08008FE78A /* LaunchScreen.storyboard */; };
		6F247106296BDD08008FE78A /* tddTests.swift in Sources */ = {isa = PBXBuildFile; fileRef = 6F247105296BDD08008FE78A /* tddTests.swift */; };
		6F247110296BDD08008FE78A /* tddUITests.swift in Sources */ = {isa = PBXBuildFile; fileRef = 6F24710F296BDD08008FE78A /* tddUITests.swift */; };
		6F247112296BDD08008FE78A /* tddUITestsLaunchTests.swift in Sources */ = {isa = PBXBuildFile; fileRef = 6F247111296BDD08008FE78A /* tddUITestsLaunchTests.swift */; };
		6F24711F296BDDB9008FE78A /* Calculator.swift in Sources */ = {isa = PBXBuildFile; fileRef = 6F24711E296BDDB9008FE78A /* Calculator.swift */; };
		6F247123296BE783008FE78A /* SortedSet.swift in Sources */ = {isa = PBXBuildFile; fileRef = 6F247122296BE783008FE78A /* SortedSet.swift */; };
		6F247125296BE9EC008FE78A /* ArraySort.swift in Sources */ = {isa = PBXBuildFile; fileRef = 6F247124296BE9EC008FE78A /* ArraySort.swift */; };
		6F247127296C0CEF008FE78A /* Stack.swift in Sources */ = {isa = PBXBuildFile; fileRef = 6F247126296C0CEF008FE78A /* Stack.swift */; };
		6F247129296C0CFC008FE78A /* Queue.swift in Sources */ = {isa = PBXBuildFile; fileRef = 6F247128296C0CFC008FE78A /* Queue.swift */; };
		6F24712B296C0E01008FE78A /* StackTest.swift in Sources */ = {isa = PBXBuildFile; fileRef = 6F24712A296C0E01008FE78A /* StackTest.swift */; };
		6F24712D296C0E10008FE78A /* QueueTest.swift in Sources */ = {isa = PBXBuildFile; fileRef = 6F24712C296C0E10008FE78A /* QueueTest.swift */; };
/* End PBXBuildFile section */

/* Begin PBXContainerItemProxy section */
		6F247102296BDD08008FE78A /* PBXContainerItemProxy */ = {
			isa = PBXContainerItemProxy;
			containerPortal = 6F2470E3296BDD07008FE78A /* Project object */;
			proxyType = 1;
			remoteGlobalIDString = 6F2470EA296BDD07008FE78A;
			remoteInfo = tdd;
		};
		6F24710C296BDD08008FE78A /* PBXContainerItemProxy */ = {
			isa = PBXContainerItemProxy;
			containerPortal = 6F2470E3296BDD07008FE78A /* Project object */;
			proxyType = 1;
			remoteGlobalIDString = 6F2470EA296BDD07008FE78A;
			remoteInfo = tdd;
		};
/* End PBXContainerItemProxy section */

/* Begin PBXFileReference section */
		6F2470EB296BDD07008FE78A /* tdd.app */ = {isa = PBXFileReference; explicitFileType = wrapper.application; includeInIndex = 0; path = tdd.app; sourceTree = BUILT_PRODUCTS_DIR; };
		6F2470EE296BDD07008FE78A /* AppDelegate.swift */ = {isa = PBXFileReference; lastKnownFileType = sourcecode.swift; path = AppDelegate.swift; sourceTree = "<group>"; };
		6F2470F0296BDD07008FE78A /* SceneDelegate.swift */ = {isa = PBXFileReference; lastKnownFileType = sourcecode.swift; path = SceneDelegate.swift; sourceTree = "<group>"; };
		6F2470F2296BDD07008FE78A /* ViewController.swift */ = {isa = PBXFileReference; lastKnownFileType = sourcecode.swift; path = ViewController.swift; sourceTree = "<group>"; };
		6F2470F5296BDD07008FE78A /* Base */ = {isa = PBXFileReference; lastKnownFileType = file.storyboard; name = Base; path = Base.lproj/Main.storyboard; sourceTree = "<group>"; };
		6F2470F7296BDD08008FE78A /* Assets.xcassets */ = {isa = PBXFileReference; lastKnownFileType = folder.assetcatalog; path = Assets.xcassets; sourceTree = "<group>"; };
		6F2470FA296BDD08008FE78A /* Base */ = {isa = PBXFileReference; lastKnownFileType = file.storyboard; name = Base; path = Base.lproj/LaunchScreen.storyboard; sourceTree = "<group>"; };
		6F2470FC296BDD08008FE78A /* Info.plist */ = {isa = PBXFileReference; lastKnownFileType = text.plist.xml; path = Info.plist; sourceTree = "<group>"; };
		6F247101296BDD08008FE78A /* tddTests.xctest */ = {isa = PBXFileReference; explicitFileType = wrapper.cfbundle; includeInIndex = 0; path = tddTests.xctest; sourceTree = BUILT_PRODUCTS_DIR; };
		6F247105296BDD08008FE78A /* tddTests.swift */ = {isa = PBXFileReference; lastKnownFileType = sourcecode.swift; path = tddTests.swift; sourceTree = "<group>"; };
		6F24710B296BDD08008FE78A /* tddUITests.xctest */ = {isa = PBXFileReference; explicitFileType = wrapper.cfbundle; includeInIndex = 0; path = tddUITests.xctest; sourceTree = BUILT_PRODUCTS_DIR; };
		6F24710F296BDD08008FE78A /* tddUITests.swift */ = {isa = PBXFileReference; lastKnownFileType = sourcecode.swift; path = tddUITests.swift; sourceTree = "<group>"; };
		6F247111296BDD08008FE78A /* tddUITestsLaunchTests.swift */ = {isa = PBXFileReference; lastKnownFileType = sourcecode.swift; path = tddUITestsLaunchTests.swift; sourceTree = "<group>"; };
		6F24711E296BDDB9008FE78A /* Calculator.swift */ = {isa = PBXFileReference; lastKnownFileType = sourcecode.swift; path = Calculator.swift; sourceTree = "<group>"; };
		6F247122296BE783008FE78A /* SortedSet.swift */ = {isa = PBXFileReference; lastKnownFileType = sourcecode.swift; path = SortedSet.swift; sourceTree = "<group>"; };
		6F247124296BE9EC008FE78A /* ArraySort.swift */ = {isa = PBXFileReference; lastKnownFileType = sourcecode.swift; path = ArraySort.swift; sourceTree = "<group>"; };
		6F247126296C0CEF008FE78A /* Stack.swift */ = {isa = PBXFileReference; lastKnownFileType = sourcecode.swift; path = Stack.swift; sourceTree = "<group>"; };
		6F247128296C0CFC008FE78A /* Queue.swift */ = {isa = PBXFileReference; lastKnownFileType = sourcecode.swift; path = Queue.swift; sourceTree = "<group>"; };
		6F24712A296C0E01008FE78A /* StackTest.swift */ = {isa = PBXFileReference; lastKnownFileType = sourcecode.swift; path = StackTest.swift; sourceTree = "<group>"; };
		6F24712C296C0E10008FE78A /* QueueTest.swift */ = {isa = PBXFileReference; lastKnownFileType = sourcecode.swift; path = QueueTest.swift; sourceTree = "<group>"; };
/* End PBXFileReference section */

/* Begin PBXFrameworksBuildPhase section */
		6F2470E8296BDD07008FE78A /* Frameworks */ = {
			isa = PBXFrameworksBuildPhase;
			buildActionMask = 2147483647;
			files = (
			);
			runOnlyForDeploymentPostprocessing = 0;
		};
		6F2470FE296BDD08008FE78A /* Frameworks */ = {
			isa = PBXFrameworksBuildPhase;
			buildActionMask = 2147483647;
			files = (
			);
			runOnlyForDeploymentPostprocessing = 0;
		};
		6F247108296BDD08008FE78A /* Frameworks */ = {
			isa = PBXFrameworksBuildPhase;
			buildActionMask = 2147483647;
			files = (
			);
			runOnlyForDeploymentPostprocessing = 0;
		};
/* End PBXFrameworksBuildPhase section */

/* Begin PBXGroup section */
		6F2470E2296BDD07008FE78A = {
			isa = PBXGroup;
			children = (
				6F2470ED296BDD07008FE78A /* tdd */,
				6F247104296BDD08008FE78A /* tddTests */,
				6F24710E296BDD08008FE78A /* tddUITests */,
				6F2470EC296BDD07008FE78A /* Products */,
			);
			sourceTree = "<group>";
		};
		6F2470EC296BDD07008FE78A /* Products */ = {
			isa = PBXGroup;
			children = (
				6F2470EB296BDD07008FE78A /* tdd.app */,
				6F247101296BDD08008FE78A /* tddTests.xctest */,
				6F24710B296BDD08008FE78A /* tddUITests.xctest */,
			);
			name = Products;
			sourceTree = "<group>";
		};
		6F2470ED296BDD07008FE78A /* tdd */ = {
			isa = PBXGroup;
			children = (
				6F2470EE296BDD07008FE78A /* AppDelegate.swift */,
				6F2470F0296BDD07008FE78A /* SceneDelegate.swift */,
				6F2470F2296BDD07008FE78A /* ViewController.swift */,
				6F2470F4296BDD07008FE78A /* Main.storyboard */,
				6F2470F7296BDD08008FE78A /* Assets.xcassets */,
				6F2470F9296BDD08008FE78A /* LaunchScreen.storyboard */,
				6F2470FC296BDD08008FE78A /* Info.plist */,
				6F24711E296BDDB9008FE78A /* Calculator.swift */,
				6F247124296BE9EC008FE78A /* ArraySort.swift */,
				6F247126296C0CEF008FE78A /* Stack.swift */,
				6F247128296C0CFC008FE78A /* Queue.swift */,
			);
			path = tdd;
			sourceTree = "<group>";
		};
		6F247104296BDD08008FE78A /* tddTests */ = {
			isa = PBXGroup;
			children = (
				6F247105296BDD08008FE78A /* tddTests.swift */,
				6F247122296BE783008FE78A /* SortedSet.swift */,
				6F24712A296C0E01008FE78A /* StackTest.swift */,
				6F24712C296C0E10008FE78A /* QueueTest.swift */,
			);
			path = tddTests;
			sourceTree = "<group>";
		};
		6F24710E296BDD08008FE78A /* tddUITests */ = {
			isa = PBXGroup;
			children = (
				6F24710F296BDD08008FE78A /* tddUITests.swift */,
				6F247111296BDD08008FE78A /* tddUITestsLaunchTests.swift */,
			);
			path = tddUITests;
			sourceTree = "<group>";
		};
/* End PBXGroup section */

/* Begin PBXNativeTarget section */
		6F2470EA296BDD07008FE78A /* tdd */ = {
			isa = PBXNativeTarget;
			buildConfigurationList = 6F247115296BDD08008FE78A /* Build configuration list for PBXNativeTarget "tdd" */;
			buildPhases = (
				6F2470E7296BDD07008FE78A /* Sources */,
				6F2470E8296BDD07008FE78A /* Frameworks */,
				6F2470E9296BDD07008FE78A /* Resources */,
			);
			buildRules = (
			);
			dependencies = (
			);
			name = tdd;
			productName = tdd;
			productReference = 6F2470EB296BDD07008FE78A /* tdd.app */;
			productType = "com.apple.product-type.application";
		};
		6F247100296BDD08008FE78A /* tddTests */ = {
			isa = PBXNativeTarget;
			buildConfigurationList = 6F247118296BDD08008FE78A /* Build configuration list for PBXNativeTarget "tddTests" */;
			buildPhases = (
				6F2470FD296BDD08008FE78A /* Sources */,
				6F2470FE296BDD08008FE78A /* Frameworks */,
				6F2470FF296BDD08008FE78A /* Resources */,
			);
			buildRules = (
			);
			dependencies = (
				6F247103296BDD08008FE78A /* PBXTargetDependency */,
			);
			name = tddTests;
			productName = tddTests;
			productReference = 6F247101296BDD08008FE78A /* tddTests.xctest */;
			productType = "com.apple.product-type.bundle.unit-test";
		};
		6F24710A296BDD08008FE78A /* tddUITests */ = {
			isa = PBXNativeTarget;
			buildConfigurationList = 6F24711B296BDD08008FE78A /* Build configuration list for PBXNativeTarget "tddUITests" */;
			buildPhases = (
				6F247107296BDD08008FE78A /* Sources */,
				6F247108296BDD08008FE78A /* Frameworks */,
				6F247109296BDD08008FE78A /* Resources */,
			);
			buildRules = (
			);
			dependencies = (
				6F24710D296BDD08008FE78A /* PBXTargetDependency */,
			);
			name = tddUITests;
			productName = tddUITests;
			productReference = 6F24710B296BDD08008FE78A /* tddUITests.xctest */;
			productType = "com.apple.product-type.bundle.ui-testing";
		};
/* End PBXNativeTarget section */

/* Begin PBXProject section */
		6F2470E3296BDD07008FE78A /* Project object */ = {
			isa = PBXProject;
			attributes = {
				BuildIndependentTargetsInParallel = 1;
				LastSwiftUpdateCheck = 1340;
				LastUpgradeCheck = 1340;
				TargetAttributes = {
					6F2470EA296BDD07008FE78A = {
						CreatedOnToolsVersion = 13.4.1;
					};
					6F247100296BDD08008FE78A = {
						CreatedOnToolsVersion = 13.4.1;
						TestTargetID = 6F2470EA296BDD07008FE78A;
					};
					6F24710A296BDD08008FE78A = {
						CreatedOnToolsVersion = 13.4.1;
						TestTargetID = 6F2470EA296BDD07008FE78A;
					};
				};
			};
			buildConfigurationList = 6F2470E6296BDD07008FE78A /* Build configuration list for PBXProject "tdd" */;
			compatibilityVersion = "Xcode 13.0";
			developmentRegion = en;
			hasScannedForEncodings = 0;
			knownRegions = (
				en,
				Base,
			);
			mainGroup = 6F2470E2296BDD07008FE78A;
			productRefGroup = 6F2470EC296BDD07008FE78A /* Products */;
			projectDirPath = "";
			projectRoot = "";
			targets = (
				6F2470EA296BDD07008FE78A /* tdd */,
				6F247100296BDD08008FE78A /* tddTests */,
				6F24710A296BDD08008FE78A /* tddUITests */,
			);
		};
/* End PBXProject section */

/* Begin PBXResourcesBuildPhase section */
		6F2470E9296BDD07008FE78A /* Resources */ = {
			isa = PBXResourcesBuildPhase;
			buildActionMask = 2147483647;
			files = (
				6F2470FB296BDD08008FE78A /* LaunchScreen.storyboard in Resources */,
				6F2470F8296BDD08008FE78A /* Assets.xcassets in Resources */,
				6F2470F6296BDD07008FE78A /* Main.storyboard in Resources */,
			);
			runOnlyForDeploymentPostprocessing = 0;
		};
		6F2470FF296BDD08008FE78A /* Resources */ = {
			isa = PBXResourcesBuildPhase;
			buildActionMask = 2147483647;
			files = (
			);
			runOnlyForDeploymentPostprocessing = 0;
		};
		6F247109296BDD08008FE78A /* Resources */ = {
			isa = PBXResourcesBuildPhase;
			buildActionMask = 2147483647;
			files = (
			);
			runOnlyForDeploymentPostprocessing = 0;
		};
/* End PBXResourcesBuildPhase section */

/* Begin PBXSourcesBuildPhase section */
		6F2470E7296BDD07008FE78A /* Sources */ = {
			isa = PBXSourcesBuildPhase;
			buildActionMask = 2147483647;
			files = (
				6F247125296BE9EC008FE78A /* ArraySort.swift in Sources */,
				6F2470F3296BDD07008FE78A /* ViewController.swift in Sources */,
				6F24711F296BDDB9008FE78A /* Calculator.swift in Sources */,
				6F2470EF296BDD07008FE78A /* AppDelegate.swift in Sources */,
				6F247127296C0CEF008FE78A /* Stack.swift in Sources */,
				6F2470F1296BDD07008FE78A /* SceneDelegate.swift in Sources */,
				6F247129296C0CFC008FE78A /* Queue.swift in Sources */,
			);
			runOnlyForDeploymentPostprocessing = 0;
		};
		6F2470FD296BDD08008FE78A /* Sources */ = {
			isa = PBXSourcesBuildPhase;
			buildActionMask = 2147483647;
			files = (
				6F247106296BDD08008FE78A /* tddTests.swift in Sources */,
				6F247123296BE783008FE78A /* SortedSet.swift in Sources */,
				6F24712B296C0E01008FE78A /* StackTest.swift in Sources */,
				6F24712D296C0E10008FE78A /* QueueTest.swift in Sources */,
			);
			runOnlyForDeploymentPostprocessing = 0;
		};
		6F247107296BDD08008FE78A /* Sources */ = {
			isa = PBXSourcesBuildPhase;
			buildActionMask = 2147483647;
			files = (
				6F247110296BDD08008FE78A /* tddUITests.swift in Sources */,
				6F247112296BDD08008FE78A /* tddUITestsLaunchTests.swift in Sources */,
			);
			runOnlyForDeploymentPostprocessing = 0;
		};
/* End PBXSourcesBuildPhase section */

/* Begin PBXTargetDependency section */
		6F247103296BDD08008FE78A /* PBXTargetDependency */ = {
			isa = PBXTargetDependency;
			target = 6F2470EA296BDD07008FE78A /* tdd */;
			targetProxy = 6F247102296BDD08008FE78A /* PBXContainerItemProxy */;
		};
		6F24710D296BDD08008FE78A /* PBXTargetDependency */ = {
			isa = PBXTargetDependency;
			target = 6F2470EA296BDD07008FE78A /* tdd */;
			targetProxy = 6F24710C296BDD08008FE78A /* PBXContainerItemProxy */;
		};
/* End PBXTargetDependency section */

/* Begin PBXVariantGroup section */
		6F2470F4296BDD07008FE78A /* Main.storyboard */ = {
			isa = PBXVariantGroup;
			children = (
				6F2470F5296BDD07008FE78A /* Base */,
			);
			name = Main.storyboard;
			sourceTree = "<group>";
		};
		6F2470F9296BDD08008FE78A /* LaunchScreen.storyboard */ = {
			isa = PBXVariantGroup;
			children = (
				6F2470FA296BDD08008FE78A /* Base */,
			);
			name = LaunchScreen.storyboard;
			sourceTree = "<group>";
		};
/* End PBXVariantGroup section */

/* Begin XCBuildConfiguration section */
		6F247113296BDD08008FE78A /* Debug */ = {
			isa = XCBuildConfiguration;
			buildSettings = {
				ALWAYS_SEARCH_USER_PATHS = NO;
				CLANG_ANALYZER_NONNULL = YES;
				CLANG_ANALYZER_NUMBER_OBJECT_CONVERSION = YES_AGGRESSIVE;
				CLANG_CXX_LANGUAGE_STANDARD = "gnu++17";
				CLANG_ENABLE_MODULES = YES;
				CLANG_ENABLE_OBJC_ARC = YES;
				CLANG_ENABLE_OBJC_WEAK = YES;
				CLANG_WARN_BLOCK_CAPTURE_AUTORELEASING = YES;
				CLANG_WARN_BOOL_CONVERSION = YES;
				CLANG_WARN_COMMA = YES;
				CLANG_WARN_CONSTANT_CONVERSION = YES;
				CLANG_WARN_DEPRECATED_OBJC_IMPLEMENTATIONS = YES;
				CLANG_WARN_DIRECT_OBJC_ISA_USAGE = YES_ERROR;
				CLANG_WARN_DOCUMENTATION_COMMENTS = YES;
				CLANG_WARN_EMPTY_BODY = YES;
				CLANG_WARN_ENUM_CONVERSION = YES;
				CLANG_WARN_INFINITE_RECURSION = YES;
				CLANG_WARN_INT_CONVERSION = YES;
				CLANG_WARN_NON_LITERAL_NULL_CONVERSION = YES;
				CLANG_WARN_OBJC_IMPLICIT_RETAIN_SELF = YES;
				CLANG_WARN_OBJC_LITERAL_CONVERSION = YES;
				CLANG_WARN_OBJC_ROOT_CLASS = YES_ERROR;
				CLANG_WARN_QUOTED_INCLUDE_IN_FRAMEWORK_HEADER = YES;
				CLANG_WARN_RANGE_LOOP_ANALYSIS = YES;
				CLANG_WARN_STRICT_PROTOTYPES = YES;
				CLANG_WARN_SUSPICIOUS_MOVE = YES;
				CLANG_WARN_UNGUARDED_AVAILABILITY = YES_AGGRESSIVE;
				CLANG_WARN_UNREACHABLE_CODE = YES;
				CLANG_WARN__DUPLICATE_METHOD_MATCH = YES;
				COPY_PHASE_STRIP = NO;
				DEBUG_INFORMATION_FORMAT = dwarf;
				ENABLE_STRICT_OBJC_MSGSEND = YES;
				ENABLE_TESTABILITY = YES;
				GCC_C_LANGUAGE_STANDARD = gnu11;
				GCC_DYNAMIC_NO_PIC = NO;
				GCC_NO_COMMON_BLOCKS = YES;
				GCC_OPTIMIZATION_LEVEL = 0;
				GCC_PREPROCESSOR_DEFINITIONS = (
					"DEBUG=1",
					"$(inherited)",
				);
				GCC_WARN_64_TO_32_BIT_CONVERSION = YES;
				GCC_WARN_ABOUT_RETURN_TYPE = YES_ERROR;
				GCC_WARN_UNDECLARED_SELECTOR = YES;
				GCC_WARN_UNINITIALIZED_AUTOS = YES_AGGRESSIVE;
				GCC_WARN_UNUSED_FUNCTION = YES;
				GCC_WARN_UNUSED_VARIABLE = YES;
				IPHONEOS_DEPLOYMENT_TARGET = 15.5;
				MTL_ENABLE_DEBUG_INFO = INCLUDE_SOURCE;
				MTL_FAST_MATH = YES;
				ONLY_ACTIVE_ARCH = YES;
				SDKROOT = iphoneos;
				SWIFT_ACTIVE_COMPILATION_CONDITIONS = DEBUG;
				SWIFT_OPTIMIZATION_LEVEL = "-Onone";
			};
			name = Debug;
		};
		6F247114296BDD08008FE78A /* Release */ = {
			isa = XCBuildConfiguration;
			buildSettings = {
				ALWAYS_SEARCH_USER_PATHS = NO;
				CLANG_ANALYZER_NONNULL = YES;
				CLANG_ANALYZER_NUMBER_OBJECT_CONVERSION = YES_AGGRESSIVE;
				CLANG_CXX_LANGUAGE_STANDARD = "gnu++17";
				CLANG_ENABLE_MODULES = YES;
				CLANG_ENABLE_OBJC_ARC = YES;
				CLANG_ENABLE_OBJC_WEAK = YES;
				CLANG_WARN_BLOCK_CAPTURE_AUTORELEASING = YES;
				CLANG_WARN_BOOL_CONVERSION = YES;
				CLANG_WARN_COMMA = YES;
				CLANG_WARN_CONSTANT_CONVERSION = YES;
				CLANG_WARN_DEPRECATED_OBJC_IMPLEMENTATIONS = YES;
				CLANG_WARN_DIRECT_OBJC_ISA_USAGE = YES_ERROR;
				CLANG_WARN_DOCUMENTATION_COMMENTS = YES;
				CLANG_WARN_EMPTY_BODY = YES;
				CLANG_WARN_ENUM_CONVERSION = YES;
				CLANG_WARN_INFINITE_RECURSION = YES;
				CLANG_WARN_INT_CONVERSION = YES;
				CLANG_WARN_NON_LITERAL_NULL_CONVERSION = YES;
				CLANG_WARN_OBJC_IMPLICIT_RETAIN_SELF = YES;
				CLANG_WARN_OBJC_LITERAL_CONVERSION = YES;
				CLANG_WARN_OBJC_ROOT_CLASS = YES_ERROR;
				CLANG_WARN_QUOTED_INCLUDE_IN_FRAMEWORK_HEADER = YES;
				CLANG_WARN_RANGE_LOOP_ANALYSIS = YES;
				CLANG_WARN_STRICT_PROTOTYPES = YES;
				CLANG_WARN_SUSPICIOUS_MOVE = YES;
				CLANG_WARN_UNGUARDED_AVAILABILITY = YES_AGGRESSIVE;
				CLANG_WARN_UNREACHABLE_CODE = YES;
				CLANG_WARN__DUPLICATE_METHOD_MATCH = YES;
				COPY_PHASE_STRIP = NO;
				DEBUG_INFORMATION_FORMAT = "dwarf-with-dsym";
				ENABLE_NS_ASSERTIONS = NO;
				ENABLE_STRICT_OBJC_MSGSEND = YES;
				GCC_C_LANGUAGE_STANDARD = gnu11;
				GCC_NO_COMMON_BLOCKS = YES;
				GCC_WARN_64_TO_32_BIT_CONVERSION = YES;
				GCC_WARN_ABOUT_RETURN_TYPE = YES_ERROR;
				GCC_WARN_UNDECLARED_SELECTOR = YES;
				GCC_WARN_UNINITIALIZED_AUTOS = YES_AGGRESSIVE;
				GCC_WARN_UNUSED_FUNCTION = YES;
				GCC_WARN_UNUSED_VARIABLE = YES;
				IPHONEOS_DEPLOYMENT_TARGET = 15.5;
				MTL_ENABLE_DEBUG_INFO = NO;
				MTL_FAST_MATH = YES;
				SDKROOT = iphoneos;
				SWIFT_COMPILATION_MODE = wholemodule;
				SWIFT_OPTIMIZATION_LEVEL = "-O";
				VALIDATE_PRODUCT = YES;
			};
			name = Release;
		};
		6F247116296BDD08008FE78A /* Debug */ = {
			isa = XCBuildConfiguration;
			buildSettings = {
				ASSETCATALOG_COMPILER_APPICON_NAME = AppIcon;
				ASSETCATALOG_COMPILER_GLOBAL_ACCENT_COLOR_NAME = AccentColor;
				CODE_SIGN_STYLE = Automatic;
				CURRENT_PROJECT_VERSION = 1;
				DEVELOPMENT_TEAM = 9SWYW7Y2K8;
				GENERATE_INFOPLIST_FILE = YES;
				INFOPLIST_FILE = tdd/Info.plist;
				INFOPLIST_KEY_UIApplicationSupportsIndirectInputEvents = YES;
				INFOPLIST_KEY_UILaunchStoryboardName = LaunchScreen;
				INFOPLIST_KEY_UIMainStoryboardFile = Main;
				INFOPLIST_KEY_UISupportedInterfaceOrientations_iPad = "UIInterfaceOrientationPortrait UIInterfaceOrientationPortraitUpsideDown UIInterfaceOrientationLandscapeLeft UIInterfaceOrientationLandscapeRight";
				INFOPLIST_KEY_UISupportedInterfaceOrientations_iPhone = "UIInterfaceOrientationPortrait UIInterfaceOrientationLandscapeLeft UIInterfaceOrientationLandscapeRight";
				LD_RUNPATH_SEARCH_PATHS = (
					"$(inherited)",
					"@executable_path/Frameworks",
				);
				MARKETING_VERSION = 1.0;
				PRODUCT_BUNDLE_IDENTIFIER = ios.tdd;
				PRODUCT_NAME = "$(TARGET_NAME)";
				SWIFT_EMIT_LOC_STRINGS = YES;
				SWIFT_VERSION = 5.0;
				TARGETED_DEVICE_FAMILY = "1,2";
			};
			name = Debug;
		};
		6F247117296BDD08008FE78A /* Release */ = {
			isa = XCBuildConfiguration;
			buildSettings = {
				ASSETCATALOG_COMPILER_APPICON_NAME = AppIcon;
				ASSETCATALOG_COMPILER_GLOBAL_ACCENT_COLOR_NAME = AccentColor;
				CODE_SIGN_STYLE = Automatic;
				CURRENT_PROJECT_VERSION = 1;
				DEVELOPMENT_TEAM = 9SWYW7Y2K8;
				GENERATE_INFOPLIST_FILE = YES;
				INFOPLIST_FILE = tdd/Info.plist;
				INFOPLIST_KEY_UIApplicationSupportsIndirectInputEvents = YES;
				INFOPLIST_KEY_UILaunchStoryboardName = LaunchScreen;
				INFOPLIST_KEY_UIMainStoryboardFile = Main;
				INFOPLIST_KEY_UISupportedInterfaceOrientations_iPad = "UIInterfaceOrientationPortrait UIInterfaceOrientationPortraitUpsideDown UIInterfaceOrientationLandscapeLeft UIInterfaceOrientationLandscapeRight";
				INFOPLIST_KEY_UISupportedInterfaceOrientations_iPhone = "UIInterfaceOrientationPortrait UIInterfaceOrientationLandscapeLeft UIInterfaceOrientationLandscapeRight";
				LD_RUNPATH_SEARCH_PATHS = (
					"$(inherited)",
					"@executable_path/Frameworks",
				);
				MARKETING_VERSION = 1.0;
				PRODUCT_BUNDLE_IDENTIFIER = ios.tdd;
				PRODUCT_NAME = "$(TARGET_NAME)";
				SWIFT_EMIT_LOC_STRINGS = YES;
				SWIFT_VERSION = 5.0;
				TARGETED_DEVICE_FAMILY = "1,2";
			};
			name = Release;
		};
		6F247119296BDD08008FE78A /* Debug */ = {
			isa = XCBuildConfiguration;
			buildSettings = {
				ALWAYS_EMBED_SWIFT_STANDARD_LIBRARIES = YES;
				BUNDLE_LOADER = "$(TEST_HOST)";
				CODE_SIGN_STYLE = Automatic;
				CURRENT_PROJECT_VERSION = 1;
				DEVELOPMENT_TEAM = 9SWYW7Y2K8;
				GENERATE_INFOPLIST_FILE = YES;
				IPHONEOS_DEPLOYMENT_TARGET = 15.5;
				MARKETING_VERSION = 1.0;
				PRODUCT_BUNDLE_IDENTIFIER = ios.tddTests;
				PRODUCT_NAME = "$(TARGET_NAME)";
				SWIFT_EMIT_LOC_STRINGS = NO;
				SWIFT_VERSION = 5.0;
				TARGETED_DEVICE_FAMILY = "1,2";
				TEST_HOST = "$(BUILT_PRODUCTS_DIR)/tdd.app/tdd";
			};
			name = Debug;
		};
		6F24711A296BDD08008FE78A /* Release */ = {
			isa = XCBuildConfiguration;
			buildSettings = {
				ALWAYS_EMBED_SWIFT_STANDARD_LIBRARIES = YES;
				BUNDLE_LOADER = "$(TEST_HOST)";
				CODE_SIGN_STYLE = Automatic;
				CURRENT_PROJECT_VERSION = 1;
				DEVELOPMENT_TEAM = 9SWYW7Y2K8;
				GENERATE_INFOPLIST_FILE = YES;
				IPHONEOS_DEPLOYMENT_TARGET = 15.5;
				MARKETING_VERSION = 1.0;
				PRODUCT_BUNDLE_IDENTIFIER = ios.tddTests;
				PRODUCT_NAME = "$(TARGET_NAME)";
				SWIFT_EMIT_LOC_STRINGS = NO;
				SWIFT_VERSION = 5.0;
				TARGETED_DEVICE_FAMILY = "1,2";
				TEST_HOST = "$(BUILT_PRODUCTS_DIR)/tdd.app/tdd";
			};
			name = Release;
		};
		6F24711C296BDD08008FE78A /* Debug */ = {
			isa = XCBuildConfiguration;
			buildSettings = {
				ALWAYS_EMBED_SWIFT_STANDARD_LIBRARIES = YES;
				CODE_SIGN_STYLE = Automatic;
				CURRENT_PROJECT_VERSION = 1;
				DEVELOPMENT_TEAM = 9SWYW7Y2K8;
				GENERATE_INFOPLIST_FILE = YES;
				MARKETING_VERSION = 1.0;
				PRODUCT_BUNDLE_IDENTIFIER = ios.tddUITests;
				PRODUCT_NAME = "$(TARGET_NAME)";
				SWIFT_EMIT_LOC_STRINGS = NO;
				SWIFT_VERSION = 5.0;
				TARGETED_DEVICE_FAMILY = "1,2";
				TEST_TARGET_NAME = tdd;
			};
			name = Debug;
		};
		6F24711D296BDD08008FE78A /* Release */ = {
			isa = XCBuildConfiguration;
			buildSettings = {
				ALWAYS_EMBED_SWIFT_STANDARD_LIBRARIES = YES;
				CODE_SIGN_STYLE = Automatic;
				CURRENT_PROJECT_VERSION = 1;
				DEVELOPMENT_TEAM = 9SWYW7Y2K8;
				GENERATE_INFOPLIST_FILE = YES;
				MARKETING_VERSION = 1.0;
				PRODUCT_BUNDLE_IDENTIFIER = ios.tddUITests;
				PRODUCT_NAME = "$(TARGET_NAME)";
				SWIFT_EMIT_LOC_STRINGS = NO;
				SWIFT_VERSION = 5.0;
				TARGETED_DEVICE_FAMILY = "1,2";
				TEST_TARGET_NAME = tdd;
			};
			name = Release;
		};
/* End XCBuildConfiguration section */

/* Begin XCConfigurationList section */
		6F2470E6296BDD07008FE78A /* Build configuration list for PBXProject "tdd" */ = {
			isa = XCConfigurationList;
			buildConfigurations = (
				6F247113296BDD08008FE78A /* Debug */,
				6F247114296BDD08008FE78A /* Release */,
			);
			defaultConfigurationIsVisible = 0;
			defaultConfigurationName = Release;
		};
		6F247115296BDD08008FE78A /* Build configuration list for PBXNativeTarget "tdd" */ = {
			isa = XCConfigurationList;
			buildConfigurations = (
				6F247116296BDD08008FE78A /* Debug */,
				6F247117296BDD08008FE78A /* Release */,
			);
			defaultConfigurationIsVisible = 0;
			defaultConfigurationName = Release;
		};
		6F247118296BDD08008FE78A /* Build configuration list for PBXNativeTarget "tddTests" */ = {
			isa = XCConfigurationList;
			buildConfigurations = (
				6F247119296BDD08008FE78A /* Debug */,
				6F24711A296BDD08008FE78A /* Release */,
			);
			defaultConfigurationIsVisible = 0;
			defaultConfigurationName = Release;
		};
		6F24711B296BDD08008FE78A /* Build configuration list for PBXNativeTarget "tddUITests" */ = {
			isa = XCConfigurationList;
			buildConfigurations = (
				6F24711C296BDD08008FE78A /* Debug */,
				6F24711D296BDD08008FE78A /* Release */,
			);
			defaultConfigurationIsVisible = 0;
			defaultConfigurationName = Release;
		};
/* End XCConfigurationList section */
	};
	rootObject = 6F2470E3296BDD07008FE78A /* Project object */;
}
