// !$*UTF8*$!
{
	archiveVersion = 1;
	classes = {
	};
	objectVersion = 50;
	objects = {

/* Begin PBXBuildFile section */
		6F3EDA67296E5D44009F7DB1 /* WebViewController.swift in Sources */ = {isa = PBXBuildFile; fileRef = 6F3EDA66296E5D44009F7DB1 /* WebViewController.swift */; };
		81098EF526E064E3007F50D4 /* AppDelegate.swift in Sources */ = {isa = PBXBuildFile; fileRef = 81098EF426E064E3007F50D4 /* AppDelegate.swift */; };
		81098EF726E064E3007F50D4 /* SceneDelegate.swift in Sources */ = {isa = PBXBuildFile; fileRef = 81098EF626E064E3007F50D4 /* SceneDelegate.swift */; };
		81098EF926E064E3007F50D4 /* ViewController.swift in Sources */ = {isa = PBXBuildFile; fileRef = 81098EF826E064E3007F50D4 /* ViewController.swift */; };
		81098EFC26E064E3007F50D4 /* Main.storyboard in Resources */ = {isa = PBXBuildFile; fileRef = 81098EFA26E064E3007F50D4 /* Main.storyboard */; };
		81098EFF26E064E3007F50D4 /* API_Project.xcdatamodeld in Sources */ = {isa = PBXBuildFile; fileRef = 81098EFD26E064E3007F50D4 /* API_Project.xcdatamodeld */; };
		81098F0126E064E3007F50D4 /* Assets.xcassets in Resources */ = {isa = PBXBuildFile; fileRef = 81098F0026E064E3007F50D4 /* Assets.xcassets */; };
		81098F0426E064E3007F50D4 /* LaunchScreen.storyboard in Resources */ = {isa = PBXBuildFile; fileRef = 81098F0226E064E3007F50D4 /* LaunchScreen.storyboard */; };
		81098F1026E06826007F50D4 /* CustomTableViewCell.swift in Sources */ = {isa = PBXBuildFile; fileRef = 81098F0F26E06826007F50D4 /* CustomTableViewCell.swift */; };
		81098F1226E06A76007F50D4 /* ProjectData.swift in Sources */ = {isa = PBXBuildFile; fileRef = 81098F1126E06A76007F50D4 /* ProjectData.swift */; };
		81098F1426E06AB5007F50D4 /* ProjectManager.swift in Sources */ = {isa = PBXBuildFile; fileRef = 81098F1326E06AB5007F50D4 /* ProjectManager.swift */; };
		81098F1926E06E6F007F50D4 /* DetailsViewController.swift in Sources */ = {isa = PBXBuildFile; fileRef = 81098F1826E06E6F007F50D4 /* DetailsViewController.swift */; };
/* End PBXBuildFile section */

/* Begin PBXFileReference section */
		6F3EDA66296E5D44009F7DB1 /* WebViewController.swift */ = {isa = PBXFileReference; lastKnownFileType = sourcecode.swift; path = WebViewController.swift; sourceTree = "<group>"; };
		81098EF126E064E3007F50D4 /* API-Project.app */ = {isa = PBXFileReference; explicitFileType = wrapper.application; includeInIndex = 0; path = "API-Project.app"; sourceTree = BUILT_PRODUCTS_DIR; };
		81098EF426E064E3007F50D4 /* AppDelegate.swift */ = {isa = PBXFileReference; lastKnownFileType = sourcecode.swift; path = AppDelegate.swift; sourceTree = "<group>"; };
		81098EF626E064E3007F50D4 /* SceneDelegate.swift */ = {isa = PBXFileReference; lastKnownFileType = sourcecode.swift; path = SceneDelegate.swift; sourceTree = "<group>"; };
		81098EF826E064E3007F50D4 /* ViewController.swift */ = {isa = PBXFileReference; lastKnownFileType = sourcecode.swift; path = ViewController.swift; sourceTree = "<group>"; };
		81098EFB26E064E3007F50D4 /* Base */ = {isa = PBXFileReference; lastKnownFileType = file.storyboard; name = Base; path = Base.lproj/Main.storyboard; sourceTree = "<group>"; };
		81098EFE26E064E3007F50D4 /* API_Project.xcdatamodel */ = {isa = PBXFileReference; lastKnownFileType = wrapper.xcdatamodel; path = API_Project.xcdatamodel; sourceTree = "<group>"; };
		81098F0026E064E3007F50D4 /* Assets.xcassets */ = {isa = PBXFileReference; lastKnownFileType = folder.assetcatalog; path = Assets.xcassets; sourceTree = "<group>"; };
		81098F0326E064E3007F50D4 /* Base */ = {isa = PBXFileReference; lastKnownFileType = file.storyboard; name = Base; path = Base.lproj/LaunchScreen.storyboard; sourceTree = "<group>"; };
		81098F0526E064E3007F50D4 /* Info.plist */ = {isa = PBXFileReference; lastKnownFileType = text.plist.xml; path = Info.plist; sourceTree = "<group>"; };
		81098F0F26E06826007F50D4 /* CustomTableViewCell.swift */ = {isa = PBXFileReference; lastKnownFileType = sourcecode.swift; path = CustomTableViewCell.swift; sourceTree = "<group>"; };
		81098F1126E06A76007F50D4 /* ProjectData.swift */ = {isa = PBXFileReference; lastKnownFileType = sourcecode.swift; path = ProjectData.swift; sourceTree = "<group>"; };
		81098F1326E06AB5007F50D4 /* ProjectManager.swift */ = {isa = PBXFileReference; lastKnownFileType = sourcecode.swift; path = ProjectManager.swift; sourceTree = "<group>"; };
		81098F1826E06E6F007F50D4 /* DetailsViewController.swift */ = {isa = PBXFileReference; lastKnownFileType = sourcecode.swift; path = DetailsViewController.swift; sourceTree = "<group>"; };
/* End PBXFileReference section */

/* Begin PBXFrameworksBuildPhase section */
		81098EEE26E064E3007F50D4 /* Frameworks */ = {
			isa = PBXFrameworksBuildPhase;
			buildActionMask = 2147483647;
			files = (
			);
			runOnlyForDeploymentPostprocessing = 0;
		};
/* End PBXFrameworksBuildPhase section */

/* Begin PBXGroup section */
		81098EE826E064E2007F50D4 = {
			isa = PBXGroup;
			children = (
				81098EF326E064E3007F50D4 /* API-Project */,
				81098EF226E064E3007F50D4 /* Products */,
			);
			sourceTree = "<group>";
		};
		81098EF226E064E3007F50D4 /* Products */ = {
			isa = PBXGroup;
			children = (
				81098EF126E064E3007F50D4 /* API-Project.app */,
			);
			name = Products;
			sourceTree = "<group>";
		};
		81098EF326E064E3007F50D4 /* API-Project */ = {
			isa = PBXGroup;
			children = (
				81098EF426E064E3007F50D4 /* AppDelegate.swift */,
				81098EF626E064E3007F50D4 /* SceneDelegate.swift */,
				81098F1726E06DDA007F50D4 /* Models */,
				81098F1626E06DCB007F50D4 /* Views */,
				81098F1526E06DB6007F50D4 /* Controllers */,
				81098F0026E064E3007F50D4 /* Assets.xcassets */,
				81098F0226E064E3007F50D4 /* LaunchScreen.storyboard */,
				81098F0526E064E3007F50D4 /* Info.plist */,
				81098EFD26E064E3007F50D4 /* API_Project.xcdatamodeld */,
			);
			path = "API-Project";
			sourceTree = "<group>";
		};
		81098F1526E06DB6007F50D4 /* Controllers */ = {
			isa = PBXGroup;
			children = (
				81098EF826E064E3007F50D4 /* ViewController.swift */,
				81098F0F26E06826007F50D4 /* CustomTableViewCell.swift */,
				81098F1826E06E6F007F50D4 /* DetailsViewController.swift */,
				6F3EDA66296E5D44009F7DB1 /* WebViewController.swift */,
			);
			path = Controllers;
			sourceTree = "<group>";
		};
		81098F1626E06DCB007F50D4 /* Views */ = {
			isa = PBXGroup;
			children = (
				81098EFA26E064E3007F50D4 /* Main.storyboard */,
			);
			path = Views;
			sourceTree = "<group>";
		};
		81098F1726E06DDA007F50D4 /* Models */ = {
			isa = PBXGroup;
			children = (
				81098F1326E06AB5007F50D4 /* ProjectManager.swift */,
				81098F1126E06A76007F50D4 /* ProjectData.swift */,
			);
			path = Models;
			sourceTree = "<group>";
		};
/* End PBXGroup section */

/* Begin PBXNativeTarget section */
		81098EF026E064E3007F50D4 /* API-Project */ = {
			isa = PBXNativeTarget;
			buildConfigurationList = 81098F0826E064E3007F50D4 /* Build configuration list for PBXNativeTarget "API-Project" */;
			buildPhases = (
				81098EED26E064E3007F50D4 /* Sources */,
				81098EEE26E064E3007F50D4 /* Frameworks */,
				81098EEF26E064E3007F50D4 /* Resources */,
			);
			buildRules = (
			);
			dependencies = (
			);
			name = "API-Project";
			productName = "API-Project";
			productReference = 81098EF126E064E3007F50D4 /* API-Project.app */;
			productType = "com.apple.product-type.application";
		};
/* End PBXNativeTarget section */

/* Begin PBXProject section */
		81098EE926E064E2007F50D4 /* Project object */ = {
			isa = PBXProject;
			attributes = {
				LastSwiftUpdateCheck = 1250;
				LastUpgradeCheck = 1250;
				TargetAttributes = {
					81098EF026E064E3007F50D4 = {
						CreatedOnToolsVersion = 12.5.1;
					};
				};
			};
			buildConfigurationList = 81098EEC26E064E2007F50D4 /* Build configuration list for PBXProject "API-Project" */;
			compatibilityVersion = "Xcode 9.3";
			developmentRegion = en;
			hasScannedForEncodings = 0;
			knownRegions = (
				en,
				Base,
			);
			mainGroup = 81098EE826E064E2007F50D4;
			productRefGroup = 81098EF226E064E3007F50D4 /* Products */;
			projectDirPath = "";
			projectRoot = "";
			targets = (
				81098EF026E064E3007F50D4 /* API-Project */,
			);
		};
/* End PBXProject section */

/* Begin PBXResourcesBuildPhase section */
		81098EEF26E064E3007F50D4 /* Resources */ = {
			isa = PBXResourcesBuildPhase;
			buildActionMask = 2147483647;
			files = (
				81098F0426E064E3007F50D4 /* LaunchScreen.storyboard in Resources */,
				81098F0126E064E3007F50D4 /* Assets.xcassets in Resources */,
				81098EFC26E064E3007F50D4 /* Main.storyboard in Resources */,
			);
			runOnlyForDeploymentPostprocessing = 0;
		};
/* End PBXResourcesBuildPhase section */

/* Begin PBXSourcesBuildPhase section */
		81098EED26E064E3007F50D4 /* Sources */ = {
			isa = PBXSourcesBuildPhase;
			buildActionMask = 2147483647;
			files = (
				81098EFF26E064E3007F50D4 /* API_Project.xcdatamodeld in Sources */,
				6F3EDA67296E5D44009F7DB1 /* WebViewController.swift in Sources */,
				81098F1026E06826007F50D4 /* CustomTableViewCell.swift in Sources */,
				81098EF926E064E3007F50D4 /* ViewController.swift in Sources */,
				81098F1926E06E6F007F50D4 /* DetailsViewController.swift in Sources */,
				81098F1226E06A76007F50D4 /* ProjectData.swift in Sources */,
				81098EF526E064E3007F50D4 /* AppDelegate.swift in Sources */,
				81098F1426E06AB5007F50D4 /* ProjectManager.swift in Sources */,
				81098EF726E064E3007F50D4 /* SceneDelegate.swift in Sources */,
			);
			runOnlyForDeploymentPostprocessing = 0;
		};
/* End PBXSourcesBuildPhase section */

/* Begin PBXVariantGroup section */
		81098EFA26E064E3007F50D4 /* Main.storyboard */ = {
			isa = PBXVariantGroup;
			children = (
				81098EFB26E064E3007F50D4 /* Base */,
			);
			name = Main.storyboard;
			sourceTree = "<group>";
		};
		81098F0226E064E3007F50D4 /* LaunchScreen.storyboard */ = {
			isa = PBXVariantGroup;
			children = (
				81098F0326E064E3007F50D4 /* Base */,
			);
			name = LaunchScreen.storyboard;
			sourceTree = "<group>";
		};
/* End PBXVariantGroup section */

/* Begin XCBuildConfiguration section */
		81098F0626E064E3007F50D4 /* Debug */ = {
			isa = XCBuildConfiguration;
			buildSettings = {
				ALWAYS_SEARCH_USER_PATHS = NO;
				CLANG_ANALYZER_NONNULL = YES;
				CLANG_ANALYZER_NUMBER_OBJECT_CONVERSION = YES_AGGRESSIVE;
				CLANG_CXX_LANGUAGE_STANDARD = "gnu++14";
				CLANG_CXX_LIBRARY = "libc++";
				CLANG_ENABLE_MODULES = YES;
				CLANG_ENABLE_OBJC_ARC = YES;
				CLANG_ENABLE_OBJC_WEAK = YES;
				CLANG_WARN_BLOCK_CAPTURE_AUTORELEASING = YES;
				CLANG_WARN_BOOL_CONVERSION = YES;
				CLANG_WARN_COMMA = YES;
				CLANG_WARN_CONSTANT_CONVERSION = YES;
				CLANG_WARN_DEPRECATED_OBJC_IMPLEMENTATIONS = YES;
				CLANG_WARN_DIRECT_OBJC_ISA_USAGE = YES_ERROR;
				CLANG_WARN_DOCUMENTATION_COMMENTS = YES;
				CLANG_WARN_EMPTY_BODY = YES;
				CLANG_WARN_ENUM_CONVERSION = YES;
				CLANG_WARN_INFINITE_RECURSION = YES;
				CLANG_WARN_INT_CONVERSION = YES;
				CLANG_WARN_NON_LITERAL_NULL_CONVERSION = YES;
				CLANG_WARN_OBJC_IMPLICIT_RETAIN_SELF = YES;
				CLANG_WARN_OBJC_LITERAL_CONVERSION = YES;
				CLANG_WARN_OBJC_ROOT_CLASS = YES_ERROR;
				CLANG_WARN_QUOTED_INCLUDE_IN_FRAMEWORK_HEADER = YES;
				CLANG_WARN_RANGE_LOOP_ANALYSIS = YES;
				CLANG_WARN_STRICT_PROTOTYPES = YES;
				CLANG_WARN_SUSPICIOUS_MOVE = YES;
				CLANG_WARN_UNGUARDED_AVAILABILITY = YES_AGGRESSIVE;
				CLANG_WARN_UNREACHABLE_CODE = YES;
				CLANG_WARN__DUPLICATE_METHOD_MATCH = YES;
				COPY_PHASE_STRIP = NO;
				DEBUG_INFORMATION_FORMAT = dwarf;
				ENABLE_STRICT_OBJC_MSGSEND = YES;
				ENABLE_TESTABILITY = YES;
				GCC_C_LANGUAGE_STANDARD = gnu11;
				GCC_DYNAMIC_NO_PIC = NO;
				GCC_NO_COMMON_BLOCKS = YES;
				GCC_OPTIMIZATION_LEVEL = 0;
				GCC_PREPROCESSOR_DEFINITIONS = (
					"DEBUG=1",
					"$(inherited)",
				);
				GCC_WARN_64_TO_32_BIT_CONVERSION = YES;
				GCC_WARN_ABOUT_RETURN_TYPE = YES_ERROR;
				GCC_WARN_UNDECLARED_SELECTOR = YES;
				GCC_WARN_UNINITIALIZED_AUTOS = YES_AGGRESSIVE;
				GCC_WARN_UNUSED_FUNCTION = YES;
				GCC_WARN_UNUSED_VARIABLE = YES;
				IPHONEOS_DEPLOYMENT_TARGET = 14.5;
				MTL_ENABLE_DEBUG_INFO = INCLUDE_SOURCE;
				MTL_FAST_MATH = YES;
				ONLY_ACTIVE_ARCH = YES;
				SDKROOT = iphoneos;
				SWIFT_ACTIVE_COMPILATION_CONDITIONS = DEBUG;
				SWIFT_OPTIMIZATION_LEVEL = "-Onone";
			};
			name = Debug;
		};
		81098F0726E064E3007F50D4 /* Release */ = {
			isa = XCBuildConfiguration;
			buildSettings = {
				ALWAYS_SEARCH_USER_PATHS = NO;
				CLANG_ANALYZER_NONNULL = YES;
				CLANG_ANALYZER_NUMBER_OBJECT_CONVERSION = YES_AGGRESSIVE;
				CLANG_CXX_LANGUAGE_STANDARD = "gnu++14";
				CLANG_CXX_LIBRARY = "libc++";
				CLANG_ENABLE_MODULES = YES;
				CLANG_ENABLE_OBJC_ARC = YES;
				CLANG_ENABLE_OBJC_WEAK = YES;
				CLANG_WARN_BLOCK_CAPTURE_AUTORELEASING = YES;
				CLANG_WARN_BOOL_CONVERSION = YES;
				CLANG_WARN_COMMA = YES;
				CLANG_WARN_CONSTANT_CONVERSION = YES;
				CLANG_WARN_DEPRECATED_OBJC_IMPLEMENTATIONS = YES;
				CLANG_WARN_DIRECT_OBJC_ISA_USAGE = YES_ERROR;
				CLANG_WARN_DOCUMENTATION_COMMENTS = YES;
				CLANG_WARN_EMPTY_BODY = YES;
				CLANG_WARN_ENUM_CONVERSION = YES;
				CLANG_WARN_INFINITE_RECURSION = YES;
				CLANG_WARN_INT_CONVERSION = YES;
				CLANG_WARN_NON_LITERAL_NULL_CONVERSION = YES;
				CLANG_WARN_OBJC_IMPLICIT_RETAIN_SELF = YES;
				CLANG_WARN_OBJC_LITERAL_CONVERSION = YES;
				CLANG_WARN_OBJC_ROOT_CLASS = YES_ERROR;
				CLANG_WARN_QUOTED_INCLUDE_IN_FRAMEWORK_HEADER = YES;
				CLANG_WARN_RANGE_LOOP_ANALYSIS = YES;
				CLANG_WARN_STRICT_PROTOTYPES = YES;
				CLANG_WARN_SUSPICIOUS_MOVE = YES;
				CLANG_WARN_UNGUARDED_AVAILABILITY = YES_AGGRESSIVE;
				CLANG_WARN_UNREACHABLE_CODE = YES;
				CLANG_WARN__DUPLICATE_METHOD_MATCH = YES;
				COPY_PHASE_STRIP = NO;
				DEBUG_INFORMATION_FORMAT = "dwarf-with-dsym";
				ENABLE_NS_ASSERTIONS = NO;
				ENABLE_STRICT_OBJC_MSGSEND = YES;
				GCC_C_LANGUAGE_STANDARD = gnu11;
				GCC_NO_COMMON_BLOCKS = YES;
				GCC_WARN_64_TO_32_BIT_CONVERSION = YES;
				GCC_WARN_ABOUT_RETURN_TYPE = YES_ERROR;
				GCC_WARN_UNDECLARED_SELECTOR = YES;
				GCC_WARN_UNINITIALIZED_AUTOS = YES_AGGRESSIVE;
				GCC_WARN_UNUSED_FUNCTION = YES;
				GCC_WARN_UNUSED_VARIABLE = YES;
				IPHONEOS_DEPLOYMENT_TARGET = 14.5;
				MTL_ENABLE_DEBUG_INFO = NO;
				MTL_FAST_MATH = YES;
				SDKROOT = iphoneos;
				SWIFT_COMPILATION_MODE = wholemodule;
				SWIFT_OPTIMIZATION_LEVEL = "-O";
				VALIDATE_PRODUCT = YES;
			};
			name = Release;
		};
		81098F0926E064E3007F50D4 /* Debug */ = {
			isa = XCBuildConfiguration;
			buildSettings = {
				ASSETCATALOG_COMPILER_APPICON_NAME = AppIcon;
				ASSETCATALOG_COMPILER_GLOBAL_ACCENT_COLOR_NAME = AccentColor;
				CODE_SIGN_STYLE = Automatic;
				INFOPLIST_FILE = "API-Project/Info.plist";
				LD_RUNPATH_SEARCH_PATHS = (
					"$(inherited)",
					"@executable_path/Frameworks",
				);
				PRODUCT_BUNDLE_IDENTIFIER = "com.bshPractice.API-Project";
				PRODUCT_NAME = "$(TARGET_NAME)";
				SWIFT_VERSION = 5.0;
				TARGETED_DEVICE_FAMILY = "1,2";
			};
			name = Debug;
		};
		81098F0A26E064E3007F50D4 /* Release */ = {
			isa = XCBuildConfiguration;
			buildSettings = {
				ASSETCATALOG_COMPILER_APPICON_NAME = AppIcon;
				ASSETCATALOG_COMPILER_GLOBAL_ACCENT_COLOR_NAME = AccentColor;
				CODE_SIGN_STYLE = Automatic;
				INFOPLIST_FILE = "API-Project/Info.plist";
				LD_RUNPATH_SEARCH_PATHS = (
					"$(inherited)",
					"@executable_path/Frameworks",
				);
				PRODUCT_BUNDLE_IDENTIFIER = "com.bshPractice.API-Project";
				PRODUCT_NAME = "$(TARGET_NAME)";
				SWIFT_VERSION = 5.0;
				TARGETED_DEVICE_FAMILY = "1,2";
			};
			name = Release;
		};
/* End XCBuildConfiguration section */

/* Begin XCConfigurationList section */
		81098EEC26E064E2007F50D4 /* Build configuration list for PBXProject "API-Project" */ = {
			isa = XCConfigurationList;
			buildConfigurations = (
				81098F0626E064E3007F50D4 /* Debug */,
				81098F0726E064E3007F50D4 /* Release */,
			);
			defaultConfigurationIsVisible = 0;
			defaultConfigurationName = Release;
		};
		81098F0826E064E3007F50D4 /* Build configuration list for PBXNativeTarget "API-Project" */ = {
			isa = XCConfigurationList;
			buildConfigurations = (
				81098F0926E064E3007F50D4 /* Debug */,
				81098F0A26E064E3007F50D4 /* Release */,
			);
			defaultConfigurationIsVisible = 0;
			defaultConfigurationName = Release;
		};
/* End XCConfigurationList section */

/* Begin XCVersionGroup section */
		81098EFD26E064E3007F50D4 /* API_Project.xcdatamodeld */ = {
			isa = XCVersionGroup;
			children = (
				81098EFE26E064E3007F50D4 /* API_Project.xcdatamodel */,
			);
			currentVersion = 81098EFE26E064E3007F50D4 /* API_Project.xcdatamodel */;
			path = API_Project.xcdatamodeld;
			sourceTree = "<group>";
			versionGroupType = wrapper.xcdatamodel;
		};
/* End XCVersionGroup section */
	};
	rootObject = 81098EE926E064E2007F50D4 /* Project object */;
}
